
Microsoft Visual Studio Solution File, Format Version 12.00
Project("{FAE04EC0-301F-11D3-BF4B-00C04F79EFBC}") = "SocketClient", "SocketClient\SocketClient.csproj", "{C39F7EC5-FEEF-45C9-8088-428CBDC9870D}"
EndProject
Project("{FAE04EC0-301F-11D3-BF4B-00C04F79EFBC}") = "SocketServer", "SocketServer\SocketServer.csproj", "{B7F81EF4-C89D-42EB-B4A5-C328129CF2DE}"
EndProject
Global
	GlobalSection(SolutionConfigurationPlatforms) = preSolution
		Debug|Any CPU = Debug|Any CPU
		Release|Any CPU = Release|Any CPU
	EndGlobalSection
	GlobalSection(ProjectConfigurationPlatforms) = postSolution
		{C39F7EC5-FEEF-45C9-8088-428CBDC9870D}.Debug|Any CPU.ActiveCfg = Debug|Any CPU
		{C39F7EC5-FEEF-45C9-8088-428CBDC9870D}.Debug|Any CPU.Build.0 = Debug|Any CPU
		{C39F7EC5-FEEF-45C9-8088-428CBDC9870D}.Release|Any CPU.ActiveCfg = Release|Any CPU
		{C39F7EC5-FEEF-45C9-8088-428CBDC9870D}.Release|Any CPU.Build.0 = Release|Any CPU
		{B7F81EF4-C89D-42EB-B4A5-C328129CF2DE}.Debug|Any CPU.ActiveCfg = Debug|Any CPU
		{B7F81EF4-C89D-42EB-B4A5-C328129CF2DE}.Debug|Any CPU.Build.0 = Debug|Any CPU
		{B7F81EF4-C89D-42EB-B4A5-C328129CF2DE}.Release|Any CPU.ActiveCfg = Release|Any CPU
		{B7F81EF4-C89D-42EB-B4A5-C328129CF2DE}.Release|Any CPU.Build.0 = Release|Any CPU
	EndGlobalSection
EndGlobal
